
Microsoft Visual Studio Solution File, Format Version 12.00
# Visual Studio Version 17
VisualStudioVersion = 17.0.31903.59
MinimumVisualStudioVersion = 10.0.40219.1
Project("{FAE04EC0-301F-11D3-BF4B-00C04F79EFBC}") = "Web", "Web\Web.csproj", "{CDB8A627-059B-47D5-9203-9A85DD819F6D}"
EndProject
Project("{FAE04EC0-301F-11D3-BF4B-00C04F79EFBC}") = "Application", "Application\Application.csproj", "{D9B987C4-11AC-4F2F-B626-0AE325ACA00F}"
EndProject
Project("{FAE04EC0-301F-11D3-BF4B-00C04F79EFBC}") = "Domain", "Domain\Domain.csproj", "{0C6C5E5D-ADD6-492F-B9BB-154B0F4ABC49}"
EndProject
Project("{FAE04EC0-301F-11D3-BF4B-00C04F79EFBC}") = "Infrastructure", "Infrastructure\Infrastructure.csproj", "{638E0AB9-2366-40DF-9877-9D0598BEA39E}"
EndProject
Project("{2150E333-8FDC-42A3-9474-1A3956D46DE8}") = "Solution Items", "Solution Items", "{8EC462FD-D22E-90A8-E5CE-7E832BA40C5D}"
	ProjectSection(SolutionItems) = preProject
		Business Rules.md = Business Rules.md
		Use Case Specification.md = Use Case Specification.md
	EndProjectSection
EndProject
Global
	GlobalSection(SolutionConfigurationPlatforms) = preSolution
		Debug|Any CPU = Debug|Any CPU
		Release|Any CPU = Release|Any CPU
	EndGlobalSection
	GlobalSection(ProjectConfigurationPlatforms) = postSolution
		{CDB8A627-059B-47D5-9203-9A85DD819F6D}.Debug|Any CPU.ActiveCfg = Debug|Any CPU
		{CDB8A627-059B-47D5-9203-9A85DD819F6D}.Debug|Any CPU.Build.0 = Debug|Any CPU
		{CDB8A627-059B-47D5-9203-9A85DD819F6D}.Release|Any CPU.ActiveCfg = Release|Any CPU
		{CDB8A627-059B-47D5-9203-9A85DD819F6D}.Release|Any CPU.Build.0 = Release|Any CPU
		{D9B987C4-11AC-4F2F-B626-0AE325ACA00F}.Debug|Any CPU.ActiveCfg = Debug|Any CPU
		{D9B987C4-11AC-4F2F-B626-0AE325ACA00F}.Debug|Any CPU.Build.0 = Debug|Any CPU
		{D9B987C4-11AC-4F2F-B626-0AE325ACA00F}.Release|Any CPU.ActiveCfg = Release|Any CPU
		{D9B987C4-11AC-4F2F-B626-0AE325ACA00F}.Release|Any CPU.Build.0 = Release|Any CPU
		{0C6C5E5D-ADD6-492F-B9BB-154B0F4ABC49}.Debug|Any CPU.ActiveCfg = Debug|Any CPU
		{0C6C5E5D-ADD6-492F-B9BB-154B0F4ABC49}.Debug|Any CPU.Build.0 = Debug|Any CPU
		{0C6C5E5D-ADD6-492F-B9BB-154B0F4ABC49}.Release|Any CPU.ActiveCfg = Release|Any CPU
		{0C6C5E5D-ADD6-492F-B9BB-154B0F4ABC49}.Release|Any CPU.Build.0 = Release|Any CPU
		{638E0AB9-2366-40DF-9877-9D0598BEA39E}.Debug|Any CPU.ActiveCfg = Debug|Any CPU
		{638E0AB9-2366-40DF-9877-9D0598BEA39E}.Debug|Any CPU.Build.0 = Debug|Any CPU
		{638E0AB9-2366-40DF-9877-9D0598BEA39E}.Release|Any CPU.ActiveCfg = Release|Any CPU
		{638E0AB9-2366-40DF-9877-9D0598BEA39E}.Release|Any CPU.Build.0 = Release|Any CPU
	EndGlobalSection
	GlobalSection(SolutionProperties) = preSolution
		HideSolutionNode = FALSE
	EndGlobalSection
	GlobalSection(ExtensibilityGlobals) = postSolution
		SolutionGuid = {35C41728-42B7-4B9D-BC53-B957A15D128E}
	EndGlobalSection
EndGlobal
